// !$*UTF8*$!
{
	archiveVersion = 1;
	classes = {
	};
	objectVersion = 46;
	objects = {

/* Begin PBXBuildFile section */
		3A20DCA81EC0600C00AB5B31 /* main.m in Sources */ = {isa = PBXBuildFile; fileRef = 3A20DCA71EC0600C00AB5B31 /* main.m */; };
		3A20DCAB1EC0600C00AB5B31 /* AppDelegate.m in Sources */ = {isa = PBXBuildFile; fileRef = 3A20DCAA1EC0600C00AB5B31 /* AppDelegate.m */; };
		3A20DCAE1EC0600C00AB5B31 /* ViewController.m in Sources */ = {isa = PBXBuildFile; fileRef = 3A20DCAD1EC0600C00AB5B31 /* ViewController.m */; };
		3A20DCB11EC0600C00AB5B31 /* Main.storyboard in Resources */ = {isa = PBXBuildFile; fileRef = 3A20DCAF1EC0600C00AB5B31 /* Main.storyboard */; };
		3A20DCB31EC0600C00AB5B31 /* Assets.xcassets in Resources */ = {isa = PBXBuildFile; fileRef = 3A20DCB21EC0600C00AB5B31 /* Assets.xcassets */; };
		3A20DCB61EC0600C00AB5B31 /* LaunchScreen.storyboard in Resources */ = {isa = PBXBuildFile; fileRef = 3A20DCB41EC0600C00AB5B31 /* LaunchScreen.storyboard */; };
		3A20DCC11EC0600C00AB5B31 /* TencentTests.m in Sources */ = {isa = PBXBuildFile; fileRef = 3A20DCC01EC0600C00AB5B31 /* TencentTests.m */; };
		3A20DCCC1EC0600C00AB5B31 /* TencentUITests.m in Sources */ = {isa = PBXBuildFile; fileRef = 3A20DCCB1EC0600C00AB5B31 /* TencentUITests.m */; };
		3A20DCDB1EC0610A00AB5B31 /* TencentOpenApi_IOS_Bundle.bundle in Resources */ = {isa = PBXBuildFile; fileRef = 3A20DCD91EC0610A00AB5B31 /* TencentOpenApi_IOS_Bundle.bundle */; };
		3A20DCDC1EC0610A00AB5B31 /* TencentOpenAPI.framework in Frameworks */ = {isa = PBXBuildFile; fileRef = 3A20DCDA1EC0610A00AB5B31 /* TencentOpenAPI.framework */; };
		3A20DCDF1EC0613000AB5B31 /* Security.framework in Frameworks */ = {isa = PBXBuildFile; fileRef = 3A20DCDE1EC0613000AB5B31 /* Security.framework */; };
		3A20DCE11EC0614100AB5B31 /* libiconv.tbd in Frameworks */ = {isa = PBXBuildFile; fileRef = 3A20DCE01EC0614100AB5B31 /* libiconv.tbd */; };
		3A20DCE31EC0614B00AB5B31 /* SystemConfiguration.framework in Frameworks */ = {isa = PBXBuildFile; fileRef = 3A20DCE21EC0614B00AB5B31 /* SystemConfiguration.framework */; };
		3A20DCE51EC0615400AB5B31 /* CoreGraphics.framework in Frameworks */ = {isa = PBXBuildFile; fileRef = 3A20DCE41EC0615400AB5B31 /* CoreGraphics.framework */; };
		3A20DCE71EC0615F00AB5B31 /* libsqlite3.tbd in Frameworks */ = {isa = PBXBuildFile; fileRef = 3A20DCE61EC0615F00AB5B31 /* libsqlite3.tbd */; };
		3A20DCE91EC0616900AB5B31 /* CoreTelephony.framework in Frameworks */ = {isa = PBXBuildFile; fileRef = 3A20DCE81EC0616900AB5B31 /* CoreTelephony.framework */; };
/* End PBXBuildFile section */

/* Begin PBXContainerItemProxy section */
		3A20DCBD1EC0600C00AB5B31 /* PBXContainerItemProxy */ = {
			isa = PBXContainerItemProxy;
			containerPortal = 3A20DC9B1EC0600C00AB5B31 /* Project object */;
			proxyType = 1;
			remoteGlobalIDString = 3A20DCA21EC0600C00AB5B31;
			remoteInfo = Tencent;
		};
		3A20DCC81EC0600C00AB5B31 /* PBXContainerItemProxy */ = {
			isa = PBXContainerItemProxy;
			containerPortal = 3A20DC9B1EC0600C00AB5B31 /* Project object */;
			proxyType = 1;
			remoteGlobalIDString = 3A20DCA21EC0600C00AB5B31;
			remoteInfo = Tencent;
		};
/* End PBXContainerItemProxy section */

/* Begin PBXFileReference section */
		3A20DCA31EC0600C00AB5B31 /* Tencent.app */ = {isa = PBXFileReference; explicitFileType = wrapper.application; includeInIndex = 0; path = Tencent.app; sourceTree = BUILT_PRODUCTS_DIR; };
		3A20DCA71EC0600C00AB5B31 /* main.m */ = {isa = PBXFileReference; lastKnownFileType = sourcecode.c.objc; path = main.m; sourceTree = "<group>"; };
		3A20DCA91EC0600C00AB5B31 /* AppDelegate.h */ = {isa = PBXFileReference; lastKnownFileType = sourcecode.c.h; path = AppDelegate.h; sourceTree = "<group>"; };
		3A20DCAA1EC0600C00AB5B31 /* AppDelegate.m */ = {isa = PBXFileReference; lastKnownFileType = sourcecode.c.objc; path = AppDelegate.m; sourceTree = "<group>"; };
		3A20DCAC1EC0600C00AB5B31 /* ViewController.h */ = {isa = PBXFileReference; lastKnownFileType = sourcecode.c.h; path = ViewController.h; sourceTree = "<group>"; };
		3A20DCAD1EC0600C00AB5B31 /* ViewController.m */ = {isa = PBXFileReference; lastKnownFileType = sourcecode.c.objc; path = ViewController.m; sourceTree = "<group>"; };
		3A20DCB01EC0600C00AB5B31 /* Base */ = {isa = PBXFileReference; lastKnownFileType = file.storyboard; name = Base; path = Base.lproj/Main.storyboard; sourceTree = "<group>"; };
		3A20DCB21EC0600C00AB5B31 /* Assets.xcassets */ = {isa = PBXFileReference; lastKnownFileType = folder.assetcatalog; path = Assets.xcassets; sourceTree = "<group>"; };
		3A20DCB51EC0600C00AB5B31 /* Base */ = {isa = PBXFileReference; lastKnownFileType = file.storyboard; name = Base; path = Base.lproj/LaunchScreen.storyboard; sourceTree = "<group>"; };
		3A20DCB71EC0600C00AB5B31 /* Info.plist */ = {isa = PBXFileReference; lastKnownFileType = text.plist.xml; path = Info.plist; sourceTree = "<group>"; };
		3A20DCBC1EC0600C00AB5B31 /* TencentTests.xctest */ = {isa = PBXFileReference; explicitFileType = wrapper.cfbundle; includeInIndex = 0; path = TencentTests.xctest; sourceTree = BUILT_PRODUCTS_DIR; };
		3A20DCC01EC0600C00AB5B31 /* TencentTests.m */ = {isa = PBXFileReference; lastKnownFileType = sourcecode.c.objc; path = TencentTests.m; sourceTree = "<group>"; };
		3A20DCC21EC0600C00AB5B31 /* Info.plist */ = {isa = PBXFileReference; lastKnownFileType = text.plist.xml; path = Info.plist; sourceTree = "<group>"; };
		3A20DCC71EC0600C00AB5B31 /* TencentUITests.xctest */ = {isa = PBXFileReference; explicitFileType = wrapper.cfbundle; includeInIndex = 0; path = TencentUITests.xctest; sourceTree = BUILT_PRODUCTS_DIR; };
		3A20DCCB1EC0600C00AB5B31 /* TencentUITests.m */ = {isa = PBXFileReference; lastKnownFileType = sourcecode.c.objc; path = TencentUITests.m; sourceTree = "<group>"; };
		3A20DCCD1EC0600C00AB5B31 /* Info.plist */ = {isa = PBXFileReference; lastKnownFileType = text.plist.xml; path = Info.plist; sourceTree = "<group>"; };
		3A20DCD91EC0610A00AB5B31 /* TencentOpenApi_IOS_Bundle.bundle */ = {isa = PBXFileReference; lastKnownFileType = "wrapper.plug-in"; path = TencentOpenApi_IOS_Bundle.bundle; sourceTree = "<group>"; };
		3A20DCDA1EC0610A00AB5B31 /* TencentOpenAPI.framework */ = {isa = PBXFileReference; lastKnownFileType = wrapper.framework; path = TencentOpenAPI.framework; sourceTree = "<group>"; };
		3A20DCDE1EC0613000AB5B31 /* Security.framework */ = {isa = PBXFileReference; lastKnownFileType = wrapper.framework; name = Security.framework; path = System/Library/Frameworks/Security.framework; sourceTree = SDKROOT; };
		3A20DCE01EC0614100AB5B31 /* libiconv.tbd */ = {isa = PBXFileReference; lastKnownFileType = "sourcecode.text-based-dylib-definition"; name = libiconv.tbd; path = usr/lib/libiconv.tbd; sourceTree = SDKROOT; };
		3A20DCE21EC0614B00AB5B31 /* SystemConfiguration.framework */ = {isa = PBXFileReference; lastKnownFileType = wrapper.framework; name = SystemConfiguration.framework; path = System/Library/Frameworks/SystemConfiguration.framework; sourceTree = SDKROOT; };
		3A20DCE41EC0615400AB5B31 /* CoreGraphics.framework */ = {isa = PBXFileReference; lastKnownFileType = wrapper.framework; name = CoreGraphics.framework; path = System/Library/Frameworks/CoreGraphics.framework; sourceTree = SDKROOT; };
		3A20DCE61EC0615F00AB5B31 /* libsqlite3.tbd */ = {isa = PBXFileReference; lastKnownFileType = "sourcecode.text-based-dylib-definition"; name = libsqlite3.tbd; path = usr/lib/libsqlite3.tbd; sourceTree = SDKROOT; };
		3A20DCE81EC0616900AB5B31 /* CoreTelephony.framework */ = {isa = PBXFileReference; lastKnownFileType = wrapper.framework; name = CoreTelephony.framework; path = System/Library/Frameworks/CoreTelephony.framework; sourceTree = SDKROOT; };
/* End PBXFileReference section */

/* Begin PBXFrameworksBuildPhase section */
		3A20DCA01EC0600C00AB5B31 /* Frameworks */ = {
			isa = PBXFrameworksBuildPhase;
			buildActionMask = 2147483647;
			files = (
				3A20DCE91EC0616900AB5B31 /* CoreTelephony.framework in Frameworks */,
				3A20DCE71EC0615F00AB5B31 /* libsqlite3.tbd in Frameworks */,
				3A20DCE51EC0615400AB5B31 /* CoreGraphics.framework in Frameworks */,
				3A20DCE31EC0614B00AB5B31 /* SystemConfiguration.framework in Frameworks */,
				3A20DCE11EC0614100AB5B31 /* libiconv.tbd in Frameworks */,
				3A20DCDF1EC0613000AB5B31 /* Security.framework in Frameworks */,
				3A20DCDC1EC0610A00AB5B31 /* TencentOpenAPI.framework in Frameworks */,
			);
			runOnlyForDeploymentPostprocessing = 0;
		};
		3A20DCB91EC0600C00AB5B31 /* Frameworks */ = {
			isa = PBXFrameworksBuildPhase;
			buildActionMask = 2147483647;
			files = (
			);
			runOnlyForDeploymentPostprocessing = 0;
		};
		3A20DCC41EC0600C00AB5B31 /* Frameworks */ = {
			isa = PBXFrameworksBuildPhase;
			buildActionMask = 2147483647;
			files = (
			);
			runOnlyForDeploymentPostprocessing = 0;
		};
/* End PBXFrameworksBuildPhase section */

/* Begin PBXGroup section */
		3A20DC9A1EC0600C00AB5B31 = {
			isa = PBXGroup;
			children = (
				3A20DCA51EC0600C00AB5B31 /* Tencent */,
				3A20DCBF1EC0600C00AB5B31 /* TencentTests */,
				3A20DCCA1EC0600C00AB5B31 /* TencentUITests */,
				3A20DCA41EC0600C00AB5B31 /* Products */,
				3A20DCDD1EC0613000AB5B31 /* Frameworks */,
			);
			sourceTree = "<group>";
		};
		3A20DCA41EC0600C00AB5B31 /* Products */ = {
			isa = PBXGroup;
			children = (
				3A20DCA31EC0600C00AB5B31 /* Tencent.app */,
				3A20DCBC1EC0600C00AB5B31 /* TencentTests.xctest */,
				3A20DCC71EC0600C00AB5B31 /* TencentUITests.xctest */,
			);
			name = Products;
			sourceTree = "<group>";
		};
		3A20DCA51EC0600C00AB5B31 /* Tencent */ = {
			isa = PBXGroup;
			children = (
				3A20DCD91EC0610A00AB5B31 /* TencentOpenApi_IOS_Bundle.bundle */,
				3A20DCDA1EC0610A00AB5B31 /* TencentOpenAPI.framework */,
				3A20DCA91EC0600C00AB5B31 /* AppDelegate.h */,
				3A20DCAA1EC0600C00AB5B31 /* AppDelegate.m */,
				3A20DCAC1EC0600C00AB5B31 /* ViewController.h */,
				3A20DCAD1EC0600C00AB5B31 /* ViewController.m */,
				3A20DCAF1EC0600C00AB5B31 /* Main.storyboard */,
				3A20DCB21EC0600C00AB5B31 /* Assets.xcassets */,
				3A20DCB41EC0600C00AB5B31 /* LaunchScreen.storyboard */,
				3A20DCB71EC0600C00AB5B31 /* Info.plist */,
				3A20DCA61EC0600C00AB5B31 /* Supporting Files */,
			);
			path = Tencent;
			sourceTree = "<group>";
		};
		3A20DCA61EC0600C00AB5B31 /* Supporting Files */ = {
			isa = PBXGroup;
			children = (
				3A20DCA71EC0600C00AB5B31 /* main.m */,
			);
			name = "Supporting Files";
			sourceTree = "<group>";
		};
		3A20DCBF1EC0600C00AB5B31 /* TencentTests */ = {
			isa = PBXGroup;
			children = (
				3A20DCC01EC0600C00AB5B31 /* TencentTests.m */,
				3A20DCC21EC0600C00AB5B31 /* Info.plist */,
			);
			path = TencentTests;
			sourceTree = "<group>";
		};
		3A20DCCA1EC0600C00AB5B31 /* TencentUITests */ = {
			isa = PBXGroup;
			children = (
				3A20DCCB1EC0600C00AB5B31 /* TencentUITests.m */,
				3A20DCCD1EC0600C00AB5B31 /* Info.plist */,
			);
			path = TencentUITests;
			sourceTree = "<group>";
		};
		3A20DCDD1EC0613000AB5B31 /* Frameworks */ = {
			isa = PBXGroup;
			children = (
				3A20DCE81EC0616900AB5B31 /* CoreTelephony.framework */,
				3A20DCE61EC0615F00AB5B31 /* libsqlite3.tbd */,
				3A20DCE41EC0615400AB5B31 /* CoreGraphics.framework */,
				3A20DCE21EC0614B00AB5B31 /* SystemConfiguration.framework */,
				3A20DCE01EC0614100AB5B31 /* libiconv.tbd */,
				3A20DCDE1EC0613000AB5B31 /* Security.framework */,
			);
			name = Frameworks;
			sourceTree = "<group>";
		};
/* End PBXGroup section */

/* Begin PBXNativeTarget section */
		3A20DCA21EC0600C00AB5B31 /* Tencent */ = {
			isa = PBXNativeTarget;
			buildConfigurationList = 3A20DCD01EC0600C00AB5B31 /* Build configuration list for PBXNativeTarget "Tencent" */;
			buildPhases = (
				3A20DC9F1EC0600C00AB5B31 /* Sources */,
				3A20DCA01EC0600C00AB5B31 /* Frameworks */,
				3A20DCA11EC0600C00AB5B31 /* Resources */,
			);
			buildRules = (
			);
			dependencies = (
			);
			name = Tencent;
			productName = Tencent;
			productReference = 3A20DCA31EC0600C00AB5B31 /* Tencent.app */;
			productType = "com.apple.product-type.application";
		};
		3A20DCBB1EC0600C00AB5B31 /* TencentTests */ = {
			isa = PBXNativeTarget;
			buildConfigurationList = 3A20DCD31EC0600C00AB5B31 /* Build configuration list for PBXNativeTarget "TencentTests" */;
			buildPhases = (
				3A20DCB81EC0600C00AB5B31 /* Sources */,
				3A20DCB91EC0600C00AB5B31 /* Frameworks */,
				3A20DCBA1EC0600C00AB5B31 /* Resources */,
			);
			buildRules = (
			);
			dependencies = (
				3A20DCBE1EC0600C00AB5B31 /* PBXTargetDependency */,
			);
			name = TencentTests;
			productName = TencentTests;
			productReference = 3A20DCBC1EC0600C00AB5B31 /* TencentTests.xctest */;
			productType = "com.apple.product-type.bundle.unit-test";
		};
		3A20DCC61EC0600C00AB5B31 /* TencentUITests */ = {
			isa = PBXNativeTarget;
			buildConfigurationList = 3A20DCD61EC0600C00AB5B31 /* Build configuration list for PBXNativeTarget "TencentUITests" */;
			buildPhases = (
				3A20DCC31EC0600C00AB5B31 /* Sources */,
				3A20DCC41EC0600C00AB5B31 /* Frameworks */,
				3A20DCC51EC0600C00AB5B31 /* Resources */,
			);
			buildRules = (
			);
			dependencies = (
				3A20DCC91EC0600C00AB5B31 /* PBXTargetDependency */,
			);
			name = TencentUITests;
			productName = TencentUITests;
			productReference = 3A20DCC71EC0600C00AB5B31 /* TencentUITests.xctest */;
			productType = "com.apple.product-type.bundle.ui-testing";
		};
/* End PBXNativeTarget section */

/* Begin PBXProject section */
		3A20DC9B1EC0600C00AB5B31 /* Project object */ = {
			isa = PBXProject;
			attributes = {
				LastUpgradeCheck = 0830;
				ORGANIZATIONNAME = wakeup;
				TargetAttributes = {
					3A20DCA21EC0600C00AB5B31 = {
						CreatedOnToolsVersion = 8.3.2;
						ProvisioningStyle = Automatic;
					};
					3A20DCBB1EC0600C00AB5B31 = {
						CreatedOnToolsVersion = 8.3.2;
						ProvisioningStyle = Automatic;
						TestTargetID = 3A20DCA21EC0600C00AB5B31;
					};
					3A20DCC61EC0600C00AB5B31 = {
						CreatedOnToolsVersion = 8.3.2;
						ProvisioningStyle = Automatic;
						TestTargetID = 3A20DCA21EC0600C00AB5B31;
					};
				};
			};
			buildConfigurationList = 3A20DC9E1EC0600C00AB5B31 /* Build configuration list for PBXProject "Tencent" */;
			compatibilityVersion = "Xcode 3.2";
			developmentRegion = English;
			hasScannedForEncodings = 0;
			knownRegions = (
				en,
				Base,
			);
			mainGroup = 3A20DC9A1EC0600C00AB5B31;
			productRefGroup = 3A20DCA41EC0600C00AB5B31 /* Products */;
			projectDirPath = "";
			projectRoot = "";
			targets = (
				3A20DCA21EC0600C00AB5B31 /* Tencent */,
				3A20DCBB1EC0600C00AB5B31 /* TencentTests */,
				3A20DCC61EC0600C00AB5B31 /* TencentUITests */,
			);
		};
/* End PBXProject section */

/* Begin PBXResourcesBuildPhase section */
		3A20DCA11EC0600C00AB5B31 /* Resources */ = {
			isa = PBXResourcesBuildPhase;
			buildActionMask = 2147483647;
			files = (
				3A20DCDB1EC0610A00AB5B31 /* TencentOpenApi_IOS_Bundle.bundle in Resources */,
				3A20DCB61EC0600C00AB5B31 /* LaunchScreen.storyboard in Resources */,
				3A20DCB31EC0600C00AB5B31 /* Assets.xcassets in Resources */,
				3A20DCB11EC0600C00AB5B31 /* Main.storyboard in Resources */,
			);
			runOnlyForDeploymentPostprocessing = 0;
		};
		3A20DCBA1EC0600C00AB5B31 /* Resources */ = {
			isa = PBXResourcesBuildPhase;
			buildActionMask = 2147483647;
			files = (
			);
			runOnlyForDeploymentPostprocessing = 0;
		};
		3A20DCC51EC0600C00AB5B31 /* Resources */ = {
			isa = PBXResourcesBuildPhase;
			buildActionMask = 2147483647;
			files = (
			);
			runOnlyForDeploymentPostprocessing = 0;
		};
/* End PBXResourcesBuildPhase section */

/* Begin PBXSourcesBuildPhase section */
		3A20DC9F1EC0600C00AB5B31 /* Sources */ = {
			isa = PBXSourcesBuildPhase;
			buildActionMask = 2147483647;
			files = (
				3A20DCAE1EC0600C00AB5B31 /* ViewController.m in Sources */,
				3A20DCAB1EC0600C00AB5B31 /* AppDelegate.m in Sources */,
				3A20DCA81EC0600C00AB5B31 /* main.m in Sources */,
			);
			runOnlyForDeploymentPostprocessing = 0;
		};
		3A20DCB81EC0600C00AB5B31 /* Sources */ = {
			isa = PBXSourcesBuildPhase;
			buildActionMask = 2147483647;
			files = (
				3A20DCC11EC0600C00AB5B31 /* TencentTests.m in Sources */,
			);
			runOnlyForDeploymentPostprocessing = 0;
		};
		3A20DCC31EC0600C00AB5B31 /* Sources */ = {
			isa = PBXSourcesBuildPhase;
			buildActionMask = 2147483647;
			files = (
				3A20DCCC1EC0600C00AB5B31 /* TencentUITests.m in Sources */,
			);
			runOnlyForDeploymentPostprocessing = 0;
		};
/* End PBXSourcesBuildPhase section */

/* Begin PBXTargetDependency section */
		3A20DCBE1EC0600C00AB5B31 /* PBXTargetDependency */ = {
			isa = PBXTargetDependency;
			target = 3A20DCA21EC0600C00AB5B31 /* Tencent */;
			targetProxy = 3A20DCBD1EC0600C00AB5B31 /* PBXContainerItemProxy */;
		};
		3A20DCC91EC0600C00AB5B31 /* PBXTargetDependency */ = {
			isa = PBXTargetDependency;
			target = 3A20DCA21EC0600C00AB5B31 /* Tencent */;
			targetProxy = 3A20DCC81EC0600C00AB5B31 /* PBXContainerItemProxy */;
		};
/* End PBXTargetDependency section */

/* Begin PBXVariantGroup section */
		3A20DCAF1EC0600C00AB5B31 /* Main.storyboard */ = {
			isa = PBXVariantGroup;
			children = (
				3A20DCB01EC0600C00AB5B31 /* Base */,
			);
			name = Main.storyboard;
			sourceTree = "<group>";
		};
		3A20DCB41EC0600C00AB5B31 /* LaunchScreen.storyboard */ = {
			isa = PBXVariantGroup;
			children = (
				3A20DCB51EC0600C00AB5B31 /* Base */,
			);
			name = LaunchScreen.storyboard;
			sourceTree = "<group>";
		};
/* End PBXVariantGroup section */

/* Begin XCBuildConfiguration section */
		3A20DCCE1EC0600C00AB5B31 /* Debug */ = {
			isa = XCBuildConfiguration;
			buildSettings = {
				ALWAYS_SEARCH_USER_PATHS = NO;
				CLANG_ANALYZER_NONNULL = YES;
				CLANG_ANALYZER_NUMBER_OBJECT_CONVERSION = YES_AGGRESSIVE;
				CLANG_CXX_LANGUAGE_STANDARD = "gnu++0x";
				CLANG_CXX_LIBRARY = "libc++";
				CLANG_ENABLE_MODULES = YES;
				CLANG_ENABLE_OBJC_ARC = YES;
				CLANG_WARN_BOOL_CONVERSION = YES;
				CLANG_WARN_CONSTANT_CONVERSION = YES;
				CLANG_WARN_DIRECT_OBJC_ISA_USAGE = YES_ERROR;
				CLANG_WARN_DOCUMENTATION_COMMENTS = YES;
				CLANG_WARN_EMPTY_BODY = YES;
				CLANG_WARN_ENUM_CONVERSION = YES;
				CLANG_WARN_INFINITE_RECURSION = YES;
				CLANG_WARN_INT_CONVERSION = YES;
				CLANG_WARN_OBJC_ROOT_CLASS = YES_ERROR;
				CLANG_WARN_SUSPICIOUS_MOVE = YES;
				CLANG_WARN_UNREACHABLE_CODE = YES;
				CLANG_WARN__DUPLICATE_METHOD_MATCH = YES;
				"CODE_SIGN_IDENTITY[sdk=iphoneos*]" = "iPhone Developer";
				COPY_PHASE_STRIP = NO;
				DEBUG_INFORMATION_FORMAT = dwarf;
				ENABLE_STRICT_OBJC_MSGSEND = YES;
				ENABLE_TESTABILITY = YES;
				GCC_C_LANGUAGE_STANDARD = gnu99;
				GCC_DYNAMIC_NO_PIC = NO;
				GCC_NO_COMMON_BLOCKS = YES;
				GCC_OPTIMIZATION_LEVEL = 0;
				GCC_PREPROCESSOR_DEFINITIONS = (
					"DEBUG=1",
					"$(inherited)",
				);
				GCC_WARN_64_TO_32_BIT_CONVERSION = YES;
				GCC_WARN_ABOUT_RETURN_TYPE = YES_ERROR;
				GCC_WARN_UNDECLARED_SELECTOR = YES;
				GCC_WARN_UNINITIALIZED_AUTOS = YES_AGGRESSIVE;
				GCC_WARN_UNUSED_FUNCTION = YES;
				GCC_WARN_UNUSED_VARIABLE = YES;
				IPHONEOS_DEPLOYMENT_TARGET = 10.3;
				MTL_ENABLE_DEBUG_INFO = YES;
				ONLY_ACTIVE_ARCH = YES;
				SDKROOT = iphoneos;
				TARGETED_DEVICE_FAMILY = "1,2";
			};
			name = Debug;
		};
		3A20DCCF1EC0600C00AB5B31 /* Release */ = {
			isa = XCBuildConfiguration;
			buildSettings = {
				ALWAYS_SEARCH_USER_PATHS = NO;
				CLANG_ANALYZER_NONNULL = YES;
				CLANG_ANALYZER_NUMBER_OBJECT_CONVERSION = YES_AGGRESSIVE;
				CLANG_CXX_LANGUAGE_STANDARD = "gnu++0x";
				CLANG_CXX_LIBRARY = "libc++";
				CLANG_ENABLE_MODULES = YES;
				CLANG_ENABLE_OBJC_ARC = YES;
				CLANG_WARN_BOOL_CONVERSION = YES;
				CLANG_WARN_CONSTANT_CONVERSION = YES;
				CLANG_WARN_DIRECT_OBJC_ISA_USAGE = YES_ERROR;
				CLANG_WARN_DOCUMENTATION_COMMENTS = YES;
				CLANG_WARN_EMPTY_BODY = YES;
				CLANG_WARN_ENUM_CONVERSION = YES;
				CLANG_WARN_INFINITE_RECURSION = YES;
				CLANG_WARN_INT_CONVERSION = YES;
				CLANG_WARN_OBJC_ROOT_CLASS = YES_ERROR;
				CLANG_WARN_SUSPICIOUS_MOVE = YES;
				CLANG_WARN_UNREACHABLE_CODE = YES;
				CLANG_WARN__DUPLICATE_METHOD_MATCH = YES;
				"CODE_SIGN_IDENTITY[sdk=iphoneos*]" = "iPhone Developer";
				COPY_PHASE_STRIP = NO;
				DEBUG_INFORMATION_FORMAT = "dwarf-with-dsym";
				ENABLE_NS_ASSERTIONS = NO;
				ENABLE_STRICT_OBJC_MSGSEND = YES;
				GCC_C_LANGUAGE_STANDARD = gnu99;
				GCC_NO_COMMON_BLOCKS = YES;
				GCC_WARN_64_TO_32_BIT_CONVERSION = YES;
				GCC_WARN_ABOUT_RETURN_TYPE = YES_ERROR;
				GCC_WARN_UNDECLARED_SELECTOR = YES;
				GCC_WARN_UNINITIALIZED_AUTOS = YES_AGGRESSIVE;
				GCC_WARN_UNUSED_FUNCTION = YES;
				GCC_WARN_UNUSED_VARIABLE = YES;
				IPHONEOS_DEPLOYMENT_TARGET = 10.3;
				MTL_ENABLE_DEBUG_INFO = NO;
				SDKROOT = iphoneos;
				TARGETED_DEVICE_FAMILY = "1,2";
				VALIDATE_PRODUCT = YES;
			};
			name = Release;
		};
		3A20DCD11EC0600C00AB5B31 /* Debug */ = {
			isa = XCBuildConfiguration;
			buildSettings = {
				ASSETCATALOG_COMPILER_APPICON_NAME = AppIcon;
				"CODE_SIGN_IDENTITY[sdk=iphoneos*]" = "iPhone Developer";
				DEVELOPMENT_TEAM = "";
				FRAMEWORK_SEARCH_PATHS = (
					"$(inherited)",
					"$(PROJECT_DIR)/Tencent",
				);
				INFOPLIST_FILE = Tencent/Info.plist;
				IPHONEOS_DEPLOYMENT_TARGET = 8.0;
				LD_RUNPATH_SEARCH_PATHS = "$(inherited) @executable_path/Frameworks";
				PRODUCT_BUNDLE_IDENTIFIER = com.wakeup.Tencent;
				PRODUCT_NAME = "$(TARGET_NAME)";
				PROVISIONING_PROFILE_SPECIFIER = "";
			};
			name = Debug;
		};
		3A20DCD21EC0600C00AB5B31 /* Release */ = {
			isa = XCBuildConfiguration;
			buildSettings = {
				ASSETCATALOG_COMPILER_APPICON_NAME = AppIcon;
				"CODE_SIGN_IDENTITY[sdk=iphoneos*]" = "iPhone Developer";
				DEVELOPMENT_TEAM = "";
				FRAMEWORK_SEARCH_PATHS = (
					"$(inherited)",
					"$(PROJECT_DIR)/Tencent",
				);
				INFOPLIST_FILE = Tencent/Info.plist;
				IPHONEOS_DEPLOYMENT_TARGET = 8.0;
				LD_RUNPATH_SEARCH_PATHS = "$(inherited) @executable_path/Frameworks";
				PRODUCT_BUNDLE_IDENTIFIER = com.wakeup.Tencent;
				PRODUCT_NAME = "$(TARGET_NAME)";
				PROVISIONING_PROFILE_SPECIFIER = "";
			};
			name = Release;
		};
		3A20DCD41EC0600C00AB5B31 /* Debug */ = {
			isa = XCBuildConfiguration;
			buildSettings = {
				BUNDLE_LOADER = "$(TEST_HOST)";
				INFOPLIST_FILE = TencentTests/Info.plist;
				LD_RUNPATH_SEARCH_PATHS = "$(inherited) @executable_path/Frameworks @loader_path/Frameworks";
				PRODUCT_BUNDLE_IDENTIFIER = com.wakeup.TencentTests;
				PRODUCT_NAME = "$(TARGET_NAME)";
				TEST_HOST = "$(BUILT_PRODUCTS_DIR)/Tencent.app/Tencent";
			};
			name = Debug;
		};
		3A20DCD51EC0600C00AB5B31 /* Release */ = {
			isa = XCBuildConfiguration;
			buildSettings = {
				BUNDLE_LOADER = "$(TEST_HOST)";
				INFOPLIST_FILE = TencentTests/Info.plist;
				LD_RUNPATH_SEARCH_PATHS = "$(inherited) @executable_path/Frameworks @loader_path/Frameworks";
				PRODUCT_BUNDLE_IDENTIFIER = com.wakeup.TencentTests;
				PRODUCT_NAME = "$(TARGET_NAME)";
				TEST_HOST = "$(BUILT_PRODUCTS_DIR)/Tencent.app/Tencent";
			};
			name = Release;
		};
		3A20DCD71EC0600C00AB5B31 /* Debug */ = {
			isa = XCBuildConfiguration;
			buildSettings = {
				INFOPLIST_FILE = TencentUITests/Info.plist;
				LD_RUNPATH_SEARCH_PATHS = "$(inherited) @executable_path/Frameworks @loader_path/Frameworks";
				PRODUCT_BUNDLE_IDENTIFIER = com.wakeup.TencentUITests;
				PRODUCT_NAME = "$(TARGET_NAME)";
				TEST_TARGET_NAME = Tencent;
			};
			name = Debug;
		};
		3A20DCD81EC0600C00AB5B31 /* Release */ = {
			isa = XCBuildConfiguration;
			buildSettings = {
				INFOPLIST_FILE = TencentUITests/Info.plist;
				LD_RUNPATH_SEARCH_PATHS = "$(inherited) @executable_path/Frameworks @loader_path/Frameworks";
				PRODUCT_BUNDLE_IDENTIFIER = com.wakeup.TencentUITests;
				PRODUCT_NAME = "$(TARGET_NAME)";
				TEST_TARGET_NAME = Tencent;
			};
			name = Release;
		};
/* End XCBuildConfiguration section */

/* Begin XCConfigurationList section */
		3A20DC9E1EC0600C00AB5B31 /* Build configuration list for PBXProject "Tencent" */ = {
			isa = XCConfigurationList;
			buildConfigurations = (
				3A20DCCE1EC0600C00AB5B31 /* Debug */,
				3A20DCCF1EC0600C00AB5B31 /* Release */,
			);
			defaultConfigurationIsVisible = 0;
			defaultConfigurationName = Release;
		};
		3A20DCD01EC0600C00AB5B31 /* Build configuration list for PBXNativeTarget "Tencent" */ = {
			isa = XCConfigurationList;
			buildConfigurations = (
				3A20DCD11EC0600C00AB5B31 /* Debug */,
				3A20DCD21EC0600C00AB5B31 /* Release */,
			);
			defaultConfigurationIsVisible = 0;
			defaultConfigurationName = Release;
		};
		3A20DCD31EC0600C00AB5B31 /* Build configuration list for PBXNativeTarget "TencentTests" */ = {
			isa = XCConfigurationList;
			buildConfigurations = (
				3A20DCD41EC0600C00AB5B31 /* Debug */,
				3A20DCD51EC0600C00AB5B31 /* Release */,
			);
			defaultConfigurationIsVisible = 0;
			defaultConfigurationName = Release;
		};
		3A20DCD61EC0600C00AB5B31 /* Build configuration list for PBXNativeTarget "TencentUITests" */ = {
			isa = XCConfigurationList;
			buildConfigurations = (
				3A20DCD71EC0600C00AB5B31 /* Debug */,
				3A20DCD81EC0600C00AB5B31 /* Release */,
			);
			defaultConfigurationIsVisible = 0;
			defaultConfigurationName = Release;
		};
/* End XCConfigurationList section */
	};
	rootObject = 3A20DC9B1EC0600C00AB5B31 /* Project object */;
}
